
Microsoft Visual Studio Solution File, Format Version 12.00
# Visual Studio Version 17
VisualStudioVersion = 17.11.35327.3
MinimumVisualStudioVersion = 10.0.40219.1
Project("{FAE04EC0-301F-11D3-BF4B-00C04F79EFBC}") = "ACT IND 6", "ACT IND 6.csproj", "{A3493EDB-95F0-4975-8380-54AC89E14EB2}"
EndProject
Global
	GlobalSection(SolutionConfigurationPlatforms) = preSolution
		Debug|Any CPU = Debug|Any CPU
		Release|Any CPU = Release|Any CPU
	EndGlobalSection
	GlobalSection(ProjectConfigurationPlatforms) = postSolution
		{A3493EDB-95F0-4975-8380-54AC89E14EB2}.Debug|Any CPU.ActiveCfg = Debug|Any CPU
		{A3493EDB-95F0-4975-8380-54AC89E14EB2}.Debug|Any CPU.Build.0 = Debug|Any CPU
		{A3493EDB-95F0-4975-8380-54AC89E14EB2}.Release|Any CPU.ActiveCfg = Release|Any CPU
		{A3493EDB-95F0-4975-8380-54AC89E14EB2}.Release|Any CPU.Build.0 = Release|Any CPU
	EndGlobalSection
	GlobalSection(SolutionProperties) = preSolution
		HideSolutionNode = FALSE
	EndGlobalSection
	GlobalSection(ExtensibilityGlobals) = postSolution
		SolutionGuid = {EFACD5B7-F3B0-4751-A254-C7FC618F50CC}
	EndGlobalSection
EndGlobal
