
Microsoft Visual Studio Solution File, Format Version 12.00
# Visual Studio Version 17
VisualStudioVersion = 17.11.35327.3
MinimumVisualStudioVersion = 10.0.40219.1
Project("{FAE04EC0-301F-11D3-BF4B-00C04F79EFBC}") = "ACT IND 4", "ACT IND 4.csproj", "{6569CFE6-CCD7-4538-8023-62A0CB24D135}"
EndProject
Global
	GlobalSection(SolutionConfigurationPlatforms) = preSolution
		Debug|Any CPU = Debug|Any CPU
		Release|Any CPU = Release|Any CPU
	EndGlobalSection
	GlobalSection(ProjectConfigurationPlatforms) = postSolution
		{6569CFE6-CCD7-4538-8023-62A0CB24D135}.Debug|Any CPU.ActiveCfg = Debug|Any CPU
		{6569CFE6-CCD7-4538-8023-62A0CB24D135}.Debug|Any CPU.Build.0 = Debug|Any CPU
		{6569CFE6-CCD7-4538-8023-62A0CB24D135}.Release|Any CPU.ActiveCfg = Release|Any CPU
		{6569CFE6-CCD7-4538-8023-62A0CB24D135}.Release|Any CPU.Build.0 = Release|Any CPU
	EndGlobalSection
	GlobalSection(SolutionProperties) = preSolution
		HideSolutionNode = FALSE
	EndGlobalSection
	GlobalSection(ExtensibilityGlobals) = postSolution
		SolutionGuid = {0C3D98F4-28C1-4C7B-9FD0-64DA7A37AB62}
	EndGlobalSection
EndGlobal
