
Microsoft Visual Studio Solution File, Format Version 12.00
# Visual Studio Version 17
VisualStudioVersion = 17.11.35327.3
MinimumVisualStudioVersion = 10.0.40219.1
Project("{FAE04EC0-301F-11D3-BF4B-00C04F79EFBC}") = "WinFormsApp1", "WinFormsApp1.csproj", "{5E14053D-D8D0-493F-8557-F9F6DF5524F5}"
EndProject
Global
	GlobalSection(SolutionConfigurationPlatforms) = preSolution
		Debug|Any CPU = Debug|Any CPU
		Release|Any CPU = Release|Any CPU
	EndGlobalSection
	GlobalSection(ProjectConfigurationPlatforms) = postSolution
		{5E14053D-D8D0-493F-8557-F9F6DF5524F5}.Debug|Any CPU.ActiveCfg = Debug|Any CPU
		{5E14053D-D8D0-493F-8557-F9F6DF5524F5}.Debug|Any CPU.Build.0 = Debug|Any CPU
		{5E14053D-D8D0-493F-8557-F9F6DF5524F5}.Release|Any CPU.ActiveCfg = Release|Any CPU
		{5E14053D-D8D0-493F-8557-F9F6DF5524F5}.Release|Any CPU.Build.0 = Release|Any CPU
	EndGlobalSection
	GlobalSection(SolutionProperties) = preSolution
		HideSolutionNode = FALSE
	EndGlobalSection
	GlobalSection(ExtensibilityGlobals) = postSolution
		SolutionGuid = {DF6A3027-DA91-4B75-BAA4-521D8B8E9DC1}
	EndGlobalSection
EndGlobal
